
Microsoft Visual Studio Solution File, Format Version 12.00
# Visual Studio 15
VisualStudioVersion = 15.0.27428.2027
MinimumVisualStudioVersion = 10.0.40219.1
Project("{FAE04EC0-301F-11D3-BF4B-00C04F79EFBC}") = "GildedRose", "GildedRose\GildedRose.csproj", "{3BD96684-A50C-494A-8C60-849925613E2F}"
EndProject
Project("{FAE04EC0-301F-11D3-BF4B-00C04F79EFBC}") = "GildedRose.Tests", "GildedRose.Tests\GildedRose.Tests.csproj", "{4431F370-9DFA-41CD-B9AC-94DF6D5C1049}"
EndProject
Global
	GlobalSection(SolutionConfigurationPlatforms) = preSolution
		Debug|Any CPU = Debug|Any CPU
		Release|Any CPU = Release|Any CPU
	EndGlobalSection
	GlobalSection(ProjectConfigurationPlatforms) = postSolution
		{3BD96684-A50C-494A-8C60-849925613E2F}.Debug|Any CPU.ActiveCfg = Debug|Any CPU
		{3BD96684-A50C-494A-8C60-849925613E2F}.Debug|Any CPU.Build.0 = Debug|Any CPU
		{3BD96684-A50C-494A-8C60-849925613E2F}.Release|Any CPU.ActiveCfg = Release|Any CPU
		{3BD96684-A50C-494A-8C60-849925613E2F}.Release|Any CPU.Build.0 = Release|Any CPU
		{4431F370-9DFA-41CD-B9AC-94DF6D5C1049}.Debug|Any CPU.ActiveCfg = Debug|Any CPU
		{4431F370-9DFA-41CD-B9AC-94DF6D5C1049}.Debug|Any CPU.Build.0 = Debug|Any CPU
		{4431F370-9DFA-41CD-B9AC-94DF6D5C1049}.Release|Any CPU.ActiveCfg = Release|Any CPU
		{4431F370-9DFA-41CD-B9AC-94DF6D5C1049}.Release|Any CPU.Build.0 = Release|Any CPU
	EndGlobalSection
	GlobalSection(SolutionProperties) = preSolution
		HideSolutionNode = FALSE
	EndGlobalSection
	GlobalSection(ExtensibilityGlobals) = postSolution
		SolutionGuid = {4558A0F3-6843-443F-AA74-082545421942}
	EndGlobalSection
EndGlobal
